
Microsoft Visual Studio Solution File, Format Version 12.00
# Visual Studio 2012
Project("{FAE04EC0-301F-11D3-BF4B-00C04F79EFBC}") = "SportsStore.WebUI", "SportsStore.WebUI\SportsStore.WebUI.csproj", "{1A0F318D-40D5-442B-A062-3C56A9D9CF15}"
EndProject
Project("{FAE04EC0-301F-11D3-BF4B-00C04F79EFBC}") = "SportsStore.Domain", "SportsStore.Domain\SportsStore.Domain.csproj", "{47252405-C03A-4A1E-9D94-BD64986497C9}"
EndProject
Project("{FAE04EC0-301F-11D3-BF4B-00C04F79EFBC}") = "SportsStore.UnitTests", "SportsStore.UnitTests\SportsStore.UnitTests.csproj", "{0810B0E0-B956-459A-B3DF-91002547FF5D}"
EndProject
Global
	GlobalSection(SolutionConfigurationPlatforms) = preSolution
		Debug|Any CPU = Debug|Any CPU
		Release|Any CPU = Release|Any CPU
	EndGlobalSection
	GlobalSection(ProjectConfigurationPlatforms) = postSolution
		{1A0F318D-40D5-442B-A062-3C56A9D9CF15}.Debug|Any CPU.ActiveCfg = Debug|Any CPU
		{1A0F318D-40D5-442B-A062-3C56A9D9CF15}.Debug|Any CPU.Build.0 = Debug|Any CPU
		{1A0F318D-40D5-442B-A062-3C56A9D9CF15}.Release|Any CPU.ActiveCfg = Release|Any CPU
		{1A0F318D-40D5-442B-A062-3C56A9D9CF15}.Release|Any CPU.Build.0 = Release|Any CPU
		{47252405-C03A-4A1E-9D94-BD64986497C9}.Debug|Any CPU.ActiveCfg = Debug|Any CPU
		{47252405-C03A-4A1E-9D94-BD64986497C9}.Debug|Any CPU.Build.0 = Debug|Any CPU
		{47252405-C03A-4A1E-9D94-BD64986497C9}.Release|Any CPU.ActiveCfg = Release|Any CPU
		{47252405-C03A-4A1E-9D94-BD64986497C9}.Release|Any CPU.Build.0 = Release|Any CPU
		{0810B0E0-B956-459A-B3DF-91002547FF5D}.Debug|Any CPU.ActiveCfg = Debug|Any CPU
		{0810B0E0-B956-459A-B3DF-91002547FF5D}.Debug|Any CPU.Build.0 = Debug|Any CPU
		{0810B0E0-B956-459A-B3DF-91002547FF5D}.Release|Any CPU.ActiveCfg = Release|Any CPU
		{0810B0E0-B956-459A-B3DF-91002547FF5D}.Release|Any CPU.Build.0 = Release|Any CPU
	EndGlobalSection
	GlobalSection(SolutionProperties) = preSolution
		HideSolutionNode = FALSE
	EndGlobalSection
EndGlobal
